
Microsoft Visual Studio Solution File, Format Version 12.00
# Visual Studio Version 17
VisualStudioVersion = 17.14.36203.30 d17.14
MinimumVisualStudioVersion = 10.0.40219.1
Project("{FAE04EC0-301F-11D3-BF4B-00C04F79EFBC}") = "MyAcademy_ApiProject", "MyAcademy_ApiProject\MyAcademy_ApiProject.csproj", "{6CAA799F-E113-4084-8B76-9430465628EE}"
EndProject
Project("{FAE04EC0-301F-11D3-BF4B-00C04F79EFBC}") = "MyAcademy_ApiWebUIProject", "MyAcademy_ApiWebUIProject\MyAcademy_ApiWebUIProject.csproj", "{7E87A2F2-8B43-4BD8-991C-EA81B3EBDAE8}"
EndProject
Global
	GlobalSection(SolutionConfigurationPlatforms) = preSolution
		Debug|Any CPU = Debug|Any CPU
		Release|Any CPU = Release|Any CPU
	EndGlobalSection
	GlobalSection(ProjectConfigurationPlatforms) = postSolution
		{6CAA799F-E113-4084-8B76-9430465628EE}.Debug|Any CPU.ActiveCfg = Debug|Any CPU
		{6CAA799F-E113-4084-8B76-9430465628EE}.Debug|Any CPU.Build.0 = Debug|Any CPU
		{6CAA799F-E113-4084-8B76-9430465628EE}.Release|Any CPU.ActiveCfg = Release|Any CPU
		{6CAA799F-E113-4084-8B76-9430465628EE}.Release|Any CPU.Build.0 = Release|Any CPU
		{7E87A2F2-8B43-4BD8-991C-EA81B3EBDAE8}.Debug|Any CPU.ActiveCfg = Debug|Any CPU
		{7E87A2F2-8B43-4BD8-991C-EA81B3EBDAE8}.Debug|Any CPU.Build.0 = Debug|Any CPU
		{7E87A2F2-8B43-4BD8-991C-EA81B3EBDAE8}.Release|Any CPU.ActiveCfg = Release|Any CPU
		{7E87A2F2-8B43-4BD8-991C-EA81B3EBDAE8}.Release|Any CPU.Build.0 = Release|Any CPU
	EndGlobalSection
	GlobalSection(SolutionProperties) = preSolution
		HideSolutionNode = FALSE
	EndGlobalSection
	GlobalSection(ExtensibilityGlobals) = postSolution
		SolutionGuid = {3BCF0CBE-BD4D-4C81-A20E-E826DF05E9E5}
	EndGlobalSection
EndGlobal
